{
  "object": {
    "pins": [
      {
        "package": "Ramona",
        "repositoryURL": "https://github.com/jemmons/Ramona",
        "state": {
          "branch": "master",
          "revision": "0bac7465fad09997446a813af3d11b16c1553438",
          "version": null
        }
      }
    ]
  },
  "version": 1
}
