{
  "object": {
    "pins": [
      {
        "package": "Ramona",
        "repositoryURL": "https://github.com/jemmons/Ramona",
        "state": {
          "branch": "master",
          "revision": "ed76056840f13642f50b5bc2ad2302b9ead8dcb3",
          "version": null
        }
      }
    ]
  },
  "version": 1
}
