{
  "object": {
    "pins": [
      {
        "package": "Ramona",
        "repositoryURL": "https://github.com/jemmons/Ramona",
        "state": {
          "branch": "master",
          "revision": "97787594fcfc1c3aee98399e4cd20ff719eef4ee",
          "version": null
        }
      }
    ]
  },
  "version": 1
}
